
Microsoft Visual Studio Solution File, Format Version 12.00
# Visual Studio Version 16
VisualStudioVersion = 16.0.31005.135
MinimumVisualStudioVersion = 10.0.40219.1
Project("{FAE04EC0-301F-11D3-BF4B-00C04F79EFBC}") = "Spreadsheet_Minh_Nguyen", "Spreadsheet_Minh_Nguyen.csproj", "{DA78977B-B59E-475F-A75A-D5C642AFA04A}"
EndProject
Project("{FAE04EC0-301F-11D3-BF4B-00C04F79EFBC}") = "SpreadsheetEngine", "..\SpreadsheetEngine\SpreadsheetEngine.csproj", "{15E988FF-3AF0-4D2E-A17B-98BB3DD94074}"
EndProject
Project("{FAE04EC0-301F-11D3-BF4B-00C04F79EFBC}") = "TestSpreadsheet", "..\TestNotification\TestSpreadsheet.csproj", "{8EDF4429-251A-416D-BB68-93F227191BCF}"
EndProject
Project("{FAE04EC0-301F-11D3-BF4B-00C04F79EFBC}") = "ExpressionTreeTests", "..\TestExpression\ExpressionTreeTests.csproj", "{C3E7AE6E-9AEB-45BC-9523-018256EC8DF9}"
EndProject
Project("{FAE04EC0-301F-11D3-BF4B-00C04F79EFBC}") = "ExpressionTreeConsole", "..\ExpressionTreeConsole\ExpressionTreeConsole.csproj", "{CDBF081D-E6D2-42FD-B7A3-9D663A72542C}"
EndProject
Global
	GlobalSection(SolutionConfigurationPlatforms) = preSolution
		Debug|Any CPU = Debug|Any CPU
		Release|Any CPU = Release|Any CPU
	EndGlobalSection
	GlobalSection(ProjectConfigurationPlatforms) = postSolution
		{DA78977B-B59E-475F-A75A-D5C642AFA04A}.Debug|Any CPU.ActiveCfg = Debug|Any CPU
		{DA78977B-B59E-475F-A75A-D5C642AFA04A}.Debug|Any CPU.Build.0 = Debug|Any CPU
		{DA78977B-B59E-475F-A75A-D5C642AFA04A}.Release|Any CPU.ActiveCfg = Release|Any CPU
		{DA78977B-B59E-475F-A75A-D5C642AFA04A}.Release|Any CPU.Build.0 = Release|Any CPU
		{15E988FF-3AF0-4D2E-A17B-98BB3DD94074}.Debug|Any CPU.ActiveCfg = Debug|Any CPU
		{15E988FF-3AF0-4D2E-A17B-98BB3DD94074}.Debug|Any CPU.Build.0 = Debug|Any CPU
		{15E988FF-3AF0-4D2E-A17B-98BB3DD94074}.Release|Any CPU.ActiveCfg = Release|Any CPU
		{15E988FF-3AF0-4D2E-A17B-98BB3DD94074}.Release|Any CPU.Build.0 = Release|Any CPU
		{8EDF4429-251A-416D-BB68-93F227191BCF}.Debug|Any CPU.ActiveCfg = Debug|Any CPU
		{8EDF4429-251A-416D-BB68-93F227191BCF}.Debug|Any CPU.Build.0 = Debug|Any CPU
		{8EDF4429-251A-416D-BB68-93F227191BCF}.Release|Any CPU.ActiveCfg = Release|Any CPU
		{8EDF4429-251A-416D-BB68-93F227191BCF}.Release|Any CPU.Build.0 = Release|Any CPU
		{C3E7AE6E-9AEB-45BC-9523-018256EC8DF9}.Debug|Any CPU.ActiveCfg = Debug|Any CPU
		{C3E7AE6E-9AEB-45BC-9523-018256EC8DF9}.Debug|Any CPU.Build.0 = Debug|Any CPU
		{C3E7AE6E-9AEB-45BC-9523-018256EC8DF9}.Release|Any CPU.ActiveCfg = Release|Any CPU
		{C3E7AE6E-9AEB-45BC-9523-018256EC8DF9}.Release|Any CPU.Build.0 = Release|Any CPU
		{CDBF081D-E6D2-42FD-B7A3-9D663A72542C}.Debug|Any CPU.ActiveCfg = Debug|Any CPU
		{CDBF081D-E6D2-42FD-B7A3-9D663A72542C}.Debug|Any CPU.Build.0 = Debug|Any CPU
		{CDBF081D-E6D2-42FD-B7A3-9D663A72542C}.Release|Any CPU.ActiveCfg = Release|Any CPU
		{CDBF081D-E6D2-42FD-B7A3-9D663A72542C}.Release|Any CPU.Build.0 = Release|Any CPU
	EndGlobalSection
	GlobalSection(SolutionProperties) = preSolution
		HideSolutionNode = FALSE
	EndGlobalSection
	GlobalSection(ExtensibilityGlobals) = postSolution
		SolutionGuid = {3D9BA8E1-461E-4652-81BC-CF4EBA8886B2}
	EndGlobalSection
EndGlobal
